Microsoft Visual Studio Solution File, Format Version 11.00
# Visual Studio 2008

Project("{CFF145E1-909C-3AC9-6704-9C74A12B2303}") = "Project Climb", "Assembly-CSharp.csproj", "{3D7DD419-0935-31BF-8702-858AF1EB1457}"
EndProject
Project("{CFF145E1-909C-3AC9-6704-9C74A12B2303}") = "Project Climb", "Assembly-CSharp-Editor.csproj", "{CF7720B4-3CD8-6283-7DE6-62614A0B314A}"
EndProject
Global
	GlobalSection(SolutionConfigurationPlatforms) = preSolution
		Debug|Any CPU = Debug|Any CPU
		Release|Any CPU = Release|Any CPU
	EndGlobalSection
	GlobalSection(ProjectConfigurationPlatforms) = postSolution
		{3D7DD419-0935-31BF-8702-858AF1EB1457}.Debug|Any CPU.ActiveCfg = Debug|Any CPU
		{3D7DD419-0935-31BF-8702-858AF1EB1457}.Debug|Any CPU.Build.0 = Debug|Any CPU
		{3D7DD419-0935-31BF-8702-858AF1EB1457}.Release|Any CPU.ActiveCfg = Release|Any CPU
		{3D7DD419-0935-31BF-8702-858AF1EB1457}.Release|Any CPU.Build.0 = Release|Any CPU
		{CF7720B4-3CD8-6283-7DE6-62614A0B314A}.Debug|Any CPU.ActiveCfg = Debug|Any CPU
		{CF7720B4-3CD8-6283-7DE6-62614A0B314A}.Debug|Any CPU.Build.0 = Debug|Any CPU
		{CF7720B4-3CD8-6283-7DE6-62614A0B314A}.Release|Any CPU.ActiveCfg = Release|Any CPU
		{CF7720B4-3CD8-6283-7DE6-62614A0B314A}.Release|Any CPU.Build.0 = Release|Any CPU
	EndGlobalSection
	GlobalSection(SolutionProperties) = preSolution
		HideSolutionNode = FALSE
	EndGlobalSection
	GlobalSection(MonoDevelopProperties) = preSolution
		StartupItem = Assembly-CSharp.csproj
		Policies = $0
		$0.TextStylePolicy = $1
		$1.inheritsSet = null
		$1.scope = text/x-csharp
		$0.CSharpFormattingPolicy = $2
		$2.inheritsSet = Mono
		$2.inheritsScope = text/x-csharp
		$2.scope = text/x-csharp
		$0.TextStylePolicy = $3
		$3.FileWidth = 120
		$3.TabWidth = 4
		$3.IndentWidth = 4
		$3.EolMarker = Unix
		$3.inheritsSet = Mono
		$3.inheritsScope = text/plain
		$3.scope = text/plain
	EndGlobalSection
EndGlobal
